
Microsoft Visual Studio Solution File, Format Version 11.00
# Visual Studio 2010
Project("{FAE04EC0-301F-11D3-BF4B-00C04F79EFBC}") = "XFS.Net", "XFS.Net\XFS.Net.csproj", "{E56CBC8C-404E-4EDB-AB6B-71AE380FCAC9}"
EndProject
Global
	GlobalSection(SolutionConfigurationPlatforms) = preSolution
		Debug|Any CPU = Debug|Any CPU
		Release|Any CPU = Release|Any CPU
	EndGlobalSection
	GlobalSection(ProjectConfigurationPlatforms) = postSolution
		{E56CBC8C-404E-4EDB-AB6B-71AE380FCAC9}.Debug|Any CPU.ActiveCfg = Debug|Any CPU
		{E56CBC8C-404E-4EDB-AB6B-71AE380FCAC9}.Debug|Any CPU.Build.0 = Debug|Any CPU
		{E56CBC8C-404E-4EDB-AB6B-71AE380FCAC9}.Release|Any CPU.ActiveCfg = Release|Any CPU
		{E56CBC8C-404E-4EDB-AB6B-71AE380FCAC9}.Release|Any CPU.Build.0 = Release|Any CPU
	EndGlobalSection
	GlobalSection(SolutionProperties) = preSolution
		HideSolutionNode = FALSE
	EndGlobalSection
EndGlobal
